// !$*UTF8*$!
{
	archiveVersion = 1;
	classes = {
	};
	objectVersion = 56;
	objects = {

/* Begin PBXBuildFile section */
		20020A1E2B84274F00118583 /* PollsTabView.swift in Sources */ = {isa = PBXBuildFile; fileRef = 20020A1D2B84274F00118583 /* PollsTabView.swift */; };
		20020A232B8427D000118583 /* JoinScreen.swift in Sources */ = {isa = PBXBuildFile; fileRef = 20020A222B8427D000118583 /* JoinScreen.swift */; };
		20020A252B84286E00118583 /* CreateScreen.swift in Sources */ = {isa = PBXBuildFile; fileRef = 20020A242B84286E00118583 /* CreateScreen.swift */; };
		20020A272B84292700118583 /* HomeScreen.swift in Sources */ = {isa = PBXBuildFile; fileRef = 20020A262B84292700118583 /* HomeScreen.swift */; };
		20020A292B842C6900118583 /* CreateScreenViewModel.swift in Sources */ = {isa = PBXBuildFile; fileRef = 20020A282B842C6900118583 /* CreateScreenViewModel.swift */; };
		20020A2C2B84474300118583 /* Poll.swift in Sources */ = {isa = PBXBuildFile; fileRef = 20020A2B2B84474300118583 /* Poll.swift */; };
		20020A2E2B8447C300118583 /* PollOption.swift in Sources */ = {isa = PBXBuildFile; fileRef = 20020A2D2B8447C300118583 /* PollOption.swift */; };
		201C08262B8574C700DDF82F /* NetworkManager.swift in Sources */ = {isa = PBXBuildFile; fileRef = 201C08252B8574C700DDF82F /* NetworkManager.swift */; };
		201C08282B85760700DDF82F /* PollError.swift in Sources */ = {isa = PBXBuildFile; fileRef = 201C08272B85760700DDF82F /* PollError.swift */; };
		20212F822B861E6B0084DD55 /* AppState.swift in Sources */ = {isa = PBXBuildFile; fileRef = 20212F812B861E6B0084DD55 /* AppState.swift */; };
		20389C362B88266C0018662C /* PollView.swift in Sources */ = {isa = PBXBuildFile; fileRef = 20389C352B88266C0018662C /* PollView.swift */; };
		20389C382B88277C0018662C /* PollListView.swift in Sources */ = {isa = PBXBuildFile; fileRef = 20389C372B88277C0018662C /* PollListView.swift */; };
		2054CD8A2B86CABB008CC306 /* JoinScreenViewModel.swift in Sources */ = {isa = PBXBuildFile; fileRef = 2054CD892B86CABB008CC306 /* JoinScreenViewModel.swift */; };
		20A336262B815C21003E1732 /* RealityKitContent in Frameworks */ = {isa = PBXBuildFile; productRef = 20A336252B815C21003E1732 /* RealityKitContent */; };
		20A336282B815C21003E1732 /* PollsApp.swift in Sources */ = {isa = PBXBuildFile; fileRef = 20A336272B815C21003E1732 /* PollsApp.swift */; };
		20A3362E2B815C23003E1732 /* Assets.xcassets in Resources */ = {isa = PBXBuildFile; fileRef = 20A3362D2B815C23003E1732 /* Assets.xcassets */; };
		20A336312B815C23003E1732 /* Preview Assets.xcassets in Resources */ = {isa = PBXBuildFile; fileRef = 20A336302B815C23003E1732 /* Preview Assets.xcassets */; };
		20A3363A2B816260003E1732 /* Bar.swift in Sources */ = {isa = PBXBuildFile; fileRef = 20A336392B816260003E1732 /* Bar.swift */; };
		20A3363C2B8238EE003E1732 /* BubbleNumber.swift in Sources */ = {isa = PBXBuildFile; fileRef = 20A3363B2B8238EE003E1732 /* BubbleNumber.swift */; };
		20A3363F2B82416C003E1732 /* BarRow.swift in Sources */ = {isa = PBXBuildFile; fileRef = 20A3363E2B82416C003E1732 /* BarRow.swift */; };
/* End PBXBuildFile section */

/* Begin PBXFileReference section */
		20020A1D2B84274F00118583 /* PollsTabView.swift */ = {isa = PBXFileReference; lastKnownFileType = sourcecode.swift; path = PollsTabView.swift; sourceTree = "<group>"; };
		20020A222B8427D000118583 /* JoinScreen.swift */ = {isa = PBXFileReference; lastKnownFileType = sourcecode.swift; path = JoinScreen.swift; sourceTree = "<group>"; };
		20020A242B84286E00118583 /* CreateScreen.swift */ = {isa = PBXFileReference; lastKnownFileType = sourcecode.swift; path = CreateScreen.swift; sourceTree = "<group>"; };
		20020A262B84292700118583 /* HomeScreen.swift */ = {isa = PBXFileReference; lastKnownFileType = sourcecode.swift; path = HomeScreen.swift; sourceTree = "<group>"; };
		20020A282B842C6900118583 /* CreateScreenViewModel.swift */ = {isa = PBXFileReference; lastKnownFileType = sourcecode.swift; path = CreateScreenViewModel.swift; sourceTree = "<group>"; };
		20020A2B2B84474300118583 /* Poll.swift */ = {isa = PBXFileReference; lastKnownFileType = sourcecode.swift; path = Poll.swift; sourceTree = "<group>"; };
		20020A2D2B8447C300118583 /* PollOption.swift */ = {isa = PBXFileReference; lastKnownFileType = sourcecode.swift; path = PollOption.swift; sourceTree = "<group>"; };
		201C08252B8574C700DDF82F /* NetworkManager.swift */ = {isa = PBXFileReference; lastKnownFileType = sourcecode.swift; path = NetworkManager.swift; sourceTree = "<group>"; };
		201C08272B85760700DDF82F /* PollError.swift */ = {isa = PBXFileReference; lastKnownFileType = sourcecode.swift; path = PollError.swift; sourceTree = "<group>"; };
		20212F812B861E6B0084DD55 /* AppState.swift */ = {isa = PBXFileReference; lastKnownFileType = sourcecode.swift; path = AppState.swift; sourceTree = "<group>"; };
		20389C352B88266C0018662C /* PollView.swift */ = {isa = PBXFileReference; lastKnownFileType = sourcecode.swift; path = PollView.swift; sourceTree = "<group>"; };
		20389C372B88277C0018662C /* PollListView.swift */ = {isa = PBXFileReference; lastKnownFileType = sourcecode.swift; path = PollListView.swift; sourceTree = "<group>"; };
		2054CD892B86CABB008CC306 /* JoinScreenViewModel.swift */ = {isa = PBXFileReference; lastKnownFileType = sourcecode.swift; path = JoinScreenViewModel.swift; sourceTree = "<group>"; };
		20A336202B815C21003E1732 /* Polls.app */ = {isa = PBXFileReference; explicitFileType = wrapper.application; includeInIndex = 0; path = Polls.app; sourceTree = BUILT_PRODUCTS_DIR; };
		20A336242B815C21003E1732 /* RealityKitContent */ = {isa = PBXFileReference; lastKnownFileType = wrapper; path = RealityKitContent; sourceTree = "<group>"; };
		20A336272B815C21003E1732 /* PollsApp.swift */ = {isa = PBXFileReference; lastKnownFileType = sourcecode.swift; path = PollsApp.swift; sourceTree = "<group>"; };
		20A3362D2B815C23003E1732 /* Assets.xcassets */ = {isa = PBXFileReference; lastKnownFileType = folder.assetcatalog; path = Assets.xcassets; sourceTree = "<group>"; };
		20A336302B815C23003E1732 /* Preview Assets.xcassets */ = {isa = PBXFileReference; lastKnownFileType = folder.assetcatalog; path = "Preview Assets.xcassets"; sourceTree = "<group>"; };
		20A336322B815C23003E1732 /* Info.plist */ = {isa = PBXFileReference; lastKnownFileType = text.plist.xml; path = Info.plist; sourceTree = "<group>"; };
		20A336392B816260003E1732 /* Bar.swift */ = {isa = PBXFileReference; lastKnownFileType = sourcecode.swift; path = Bar.swift; sourceTree = "<group>"; };
		20A3363B2B8238EE003E1732 /* BubbleNumber.swift */ = {isa = PBXFileReference; lastKnownFileType = sourcecode.swift; path = BubbleNumber.swift; sourceTree = "<group>"; };
		20A3363E2B82416C003E1732 /* BarRow.swift */ = {isa = PBXFileReference; lastKnownFileType = sourcecode.swift; path = BarRow.swift; sourceTree = "<group>"; };
/* End PBXFileReference section */

/* Begin PBXFrameworksBuildPhase section */
		20A3361D2B815C21003E1732 /* Frameworks */ = {
			isa = PBXFrameworksBuildPhase;
			buildActionMask = 2147483647;
			files = (
				20A336262B815C21003E1732 /* RealityKitContent in Frameworks */,
			);
			runOnlyForDeploymentPostprocessing = 0;
		};
/* End PBXFrameworksBuildPhase section */

/* Begin PBXGroup section */
		20020A1F2B84278800118583 /* Home */ = {
			isa = PBXGroup;
			children = (
				20020A262B84292700118583 /* HomeScreen.swift */,
				20389C372B88277C0018662C /* PollListView.swift */,
			);
			path = Home;
			sourceTree = "<group>";
		};
		20020A202B8427A100118583 /* Create */ = {
			isa = PBXGroup;
			children = (
				20020A242B84286E00118583 /* CreateScreen.swift */,
				20020A282B842C6900118583 /* CreateScreenViewModel.swift */,
			);
			path = Create;
			sourceTree = "<group>";
		};
		20020A212B8427B900118583 /* Join */ = {
			isa = PBXGroup;
			children = (
				20020A222B8427D000118583 /* JoinScreen.swift */,
				2054CD892B86CABB008CC306 /* JoinScreenViewModel.swift */,
			);
			path = Join;
			sourceTree = "<group>";
		};
		20020A2A2B84473700118583 /* Models */ = {
			isa = PBXGroup;
			children = (
				20020A2B2B84474300118583 /* Poll.swift */,
				20020A2D2B8447C300118583 /* PollOption.swift */,
			);
			path = Models;
			sourceTree = "<group>";
		};
		201C08242B8574B600DDF82F /* Utilities */ = {
			isa = PBXGroup;
			children = (
				201C08252B8574C700DDF82F /* NetworkManager.swift */,
				201C08272B85760700DDF82F /* PollError.swift */,
			);
			path = Utilities;
			sourceTree = "<group>";
		};
		20389C342B8826600018662C /* Poll */ = {
			isa = PBXGroup;
			children = (
				20389C352B88266C0018662C /* PollView.swift */,
			);
			path = Poll;
			sourceTree = "<group>";
		};
		20A336172B815C21003E1732 = {
			isa = PBXGroup;
			children = (
				20A336222B815C21003E1732 /* Polls */,
				20A336232B815C21003E1732 /* Packages */,
				20A336212B815C21003E1732 /* Products */,
			);
			sourceTree = "<group>";
		};
		20A336212B815C21003E1732 /* Products */ = {
			isa = PBXGroup;
			children = (
				20A336202B815C21003E1732 /* Polls.app */,
			);
			name = Products;
			sourceTree = "<group>";
		};
		20A336222B815C21003E1732 /* Polls */ = {
			isa = PBXGroup;
			children = (
				201C08242B8574B600DDF82F /* Utilities */,
				20020A2A2B84473700118583 /* Models */,
				20A336402B828531003E1732 /* Screens */,
				20A3363D2B824142003E1732 /* Views */,
				20A336382B816238003E1732 /* RealityViews */,
				20A336272B815C21003E1732 /* PollsApp.swift */,
				20212F812B861E6B0084DD55 /* AppState.swift */,
				20A3362D2B815C23003E1732 /* Assets.xcassets */,
				20A336322B815C23003E1732 /* Info.plist */,
				20A3362F2B815C23003E1732 /* Preview Content */,
			);
			path = Polls;
			sourceTree = "<group>";
		};
		20A336232B815C21003E1732 /* Packages */ = {
			isa = PBXGroup;
			children = (
				20A336242B815C21003E1732 /* RealityKitContent */,
			);
			path = Packages;
			sourceTree = "<group>";
		};
		20A3362F2B815C23003E1732 /* Preview Content */ = {
			isa = PBXGroup;
			children = (
				20A336302B815C23003E1732 /* Preview Assets.xcassets */,
			);
			path = "Preview Content";
			sourceTree = "<group>";
		};
		20A336382B816238003E1732 /* RealityViews */ = {
			isa = PBXGroup;
			children = (
				20A336392B816260003E1732 /* Bar.swift */,
				20A3363B2B8238EE003E1732 /* BubbleNumber.swift */,
			);
			path = RealityViews;
			sourceTree = "<group>";
		};
		20A3363D2B824142003E1732 /* Views */ = {
			isa = PBXGroup;
			children = (
				20A3363E2B82416C003E1732 /* BarRow.swift */,
			);
			path = Views;
			sourceTree = "<group>";
		};
		20A336402B828531003E1732 /* Screens */ = {
			isa = PBXGroup;
			children = (
				20389C342B8826600018662C /* Poll */,
				20020A1F2B84278800118583 /* Home */,
				20020A202B8427A100118583 /* Create */,
				20020A212B8427B900118583 /* Join */,
				20020A1D2B84274F00118583 /* PollsTabView.swift */,
			);
			path = Screens;
			sourceTree = "<group>";
		};
/* End PBXGroup section */

/* Begin PBXNativeTarget section */
		20A3361F2B815C21003E1732 /* Polls */ = {
			isa = PBXNativeTarget;
			buildConfigurationList = 20A336352B815C23003E1732 /* Build configuration list for PBXNativeTarget "Polls" */;
			buildPhases = (
				20A3361C2B815C21003E1732 /* Sources */,
				20A3361D2B815C21003E1732 /* Frameworks */,
				20A3361E2B815C21003E1732 /* Resources */,
			);
			buildRules = (
			);
			dependencies = (
			);
			name = Polls;
			packageProductDependencies = (
				20A336252B815C21003E1732 /* RealityKitContent */,
			);
			productName = Polls;
			productReference = 20A336202B815C21003E1732 /* Polls.app */;
			productType = "com.apple.product-type.application";
		};
/* End PBXNativeTarget section */

/* Begin PBXProject section */
		20A336182B815C21003E1732 /* Project object */ = {
			isa = PBXProject;
			attributes = {
				BuildIndependentTargetsInParallel = 1;
				LastSwiftUpdateCheck = 1520;
				LastUpgradeCheck = 1520;
				TargetAttributes = {
					20A3361F2B815C21003E1732 = {
						CreatedOnToolsVersion = 15.2;
					};
				};
			};
			buildConfigurationList = 20A3361B2B815C21003E1732 /* Build configuration list for PBXProject "Polls" */;
			compatibilityVersion = "Xcode 14.0";
			developmentRegion = en;
			hasScannedForEncodings = 0;
			knownRegions = (
				en,
				Base,
			);
			mainGroup = 20A336172B815C21003E1732;
			productRefGroup = 20A336212B815C21003E1732 /* Products */;
			projectDirPath = "";
			projectRoot = "";
			targets = (
				20A3361F2B815C21003E1732 /* Polls */,
			);
		};
/* End PBXProject section */

/* Begin PBXResourcesBuildPhase section */
		20A3361E2B815C21003E1732 /* Resources */ = {
			isa = PBXResourcesBuildPhase;
			buildActionMask = 2147483647;
			files = (
				20A336312B815C23003E1732 /* Preview Assets.xcassets in Resources */,
				20A3362E2B815C23003E1732 /* Assets.xcassets in Resources */,
			);
			runOnlyForDeploymentPostprocessing = 0;
		};
/* End PBXResourcesBuildPhase section */

/* Begin PBXSourcesBuildPhase section */
		20A3361C2B815C21003E1732 /* Sources */ = {
			isa = PBXSourcesBuildPhase;
			buildActionMask = 2147483647;
			files = (
				2054CD8A2B86CABB008CC306 /* JoinScreenViewModel.swift in Sources */,
				201C08262B8574C700DDF82F /* NetworkManager.swift in Sources */,
				20A3363A2B816260003E1732 /* Bar.swift in Sources */,
				20020A252B84286E00118583 /* CreateScreen.swift in Sources */,
				20020A232B8427D000118583 /* JoinScreen.swift in Sources */,
				20020A2E2B8447C300118583 /* PollOption.swift in Sources */,
				20020A2C2B84474300118583 /* Poll.swift in Sources */,
				20A3363F2B82416C003E1732 /* BarRow.swift in Sources */,
				20A3363C2B8238EE003E1732 /* BubbleNumber.swift in Sources */,
				20020A292B842C6900118583 /* CreateScreenViewModel.swift in Sources */,
				20212F822B861E6B0084DD55 /* AppState.swift in Sources */,
				20389C362B88266C0018662C /* PollView.swift in Sources */,
				20389C382B88277C0018662C /* PollListView.swift in Sources */,
				20A336282B815C21003E1732 /* PollsApp.swift in Sources */,
				201C08282B85760700DDF82F /* PollError.swift in Sources */,
				20020A272B84292700118583 /* HomeScreen.swift in Sources */,
				20020A1E2B84274F00118583 /* PollsTabView.swift in Sources */,
			);
			runOnlyForDeploymentPostprocessing = 0;
		};
/* End PBXSourcesBuildPhase section */

/* Begin XCBuildConfiguration section */
		20A336332B815C23003E1732 /* Debug */ = {
			isa = XCBuildConfiguration;
			buildSettings = {
				ALWAYS_SEARCH_USER_PATHS = NO;
				ASSETCATALOG_COMPILER_GENERATE_SWIFT_ASSET_SYMBOL_EXTENSIONS = YES;
				CLANG_ANALYZER_NONNULL = YES;
				CLANG_ANALYZER_NUMBER_OBJECT_CONVERSION = YES_AGGRESSIVE;
				CLANG_CXX_LANGUAGE_STANDARD = "gnu++20";
				CLANG_ENABLE_MODULES = YES;
				CLANG_ENABLE_OBJC_ARC = YES;
				CLANG_ENABLE_OBJC_WEAK = YES;
				CLANG_WARN_BLOCK_CAPTURE_AUTORELEASING = YES;
				CLANG_WARN_BOOL_CONVERSION = YES;
				CLANG_WARN_COMMA = YES;
				CLANG_WARN_CONSTANT_CONVERSION = YES;
				CLANG_WARN_DEPRECATED_OBJC_IMPLEMENTATIONS = YES;
				CLANG_WARN_DIRECT_OBJC_ISA_USAGE = YES_ERROR;
				CLANG_WARN_DOCUMENTATION_COMMENTS = YES;
				CLANG_WARN_EMPTY_BODY = YES;
				CLANG_WARN_ENUM_CONVERSION = YES;
				CLANG_WARN_INFINITE_RECURSION = YES;
				CLANG_WARN_INT_CONVERSION = YES;
				CLANG_WARN_NON_LITERAL_NULL_CONVERSION = YES;
				CLANG_WARN_OBJC_IMPLICIT_RETAIN_SELF = YES;
				CLANG_WARN_OBJC_LITERAL_CONVERSION = YES;
				CLANG_WARN_OBJC_ROOT_CLASS = YES_ERROR;
				CLANG_WARN_QUOTED_INCLUDE_IN_FRAMEWORK_HEADER = YES;
				CLANG_WARN_RANGE_LOOP_ANALYSIS = YES;
				CLANG_WARN_STRICT_PROTOTYPES = YES;
				CLANG_WARN_SUSPICIOUS_MOVE = YES;
				CLANG_WARN_UNGUARDED_AVAILABILITY = YES_AGGRESSIVE;
				CLANG_WARN_UNREACHABLE_CODE = YES;
				CLANG_WARN__DUPLICATE_METHOD_MATCH = YES;
				COPY_PHASE_STRIP = NO;
				DEBUG_INFORMATION_FORMAT = dwarf;
				ENABLE_STRICT_OBJC_MSGSEND = YES;
				ENABLE_TESTABILITY = YES;
				ENABLE_USER_SCRIPT_SANDBOXING = YES;
				GCC_C_LANGUAGE_STANDARD = gnu17;
				GCC_DYNAMIC_NO_PIC = NO;
				GCC_NO_COMMON_BLOCKS = YES;
				GCC_OPTIMIZATION_LEVEL = 0;
				GCC_PREPROCESSOR_DEFINITIONS = (
					"DEBUG=1",
					"$(inherited)",
				);
				GCC_WARN_64_TO_32_BIT_CONVERSION = YES;
				GCC_WARN_ABOUT_RETURN_TYPE = YES_ERROR;
				GCC_WARN_UNDECLARED_SELECTOR = YES;
				GCC_WARN_UNINITIALIZED_AUTOS = YES_AGGRESSIVE;
				GCC_WARN_UNUSED_FUNCTION = YES;
				GCC_WARN_UNUSED_VARIABLE = YES;
				LOCALIZATION_PREFERS_STRING_CATALOGS = YES;
				MTL_ENABLE_DEBUG_INFO = INCLUDE_SOURCE;
				MTL_FAST_MATH = YES;
				ONLY_ACTIVE_ARCH = YES;
				SDKROOT = xros;
				SWIFT_ACTIVE_COMPILATION_CONDITIONS = "DEBUG $(inherited)";
				SWIFT_OPTIMIZATION_LEVEL = "-Onone";
				XROS_DEPLOYMENT_TARGET = 1.0;
			};
			name = Debug;
		};
		20A336342B815C23003E1732 /* Release */ = {
			isa = XCBuildConfiguration;
			buildSettings = {
				ALWAYS_SEARCH_USER_PATHS = NO;
				ASSETCATALOG_COMPILER_GENERATE_SWIFT_ASSET_SYMBOL_EXTENSIONS = YES;
				CLANG_ANALYZER_NONNULL = YES;
				CLANG_ANALYZER_NUMBER_OBJECT_CONVERSION = YES_AGGRESSIVE;
				CLANG_CXX_LANGUAGE_STANDARD = "gnu++20";
				CLANG_ENABLE_MODULES = YES;
				CLANG_ENABLE_OBJC_ARC = YES;
				CLANG_ENABLE_OBJC_WEAK = YES;
				CLANG_WARN_BLOCK_CAPTURE_AUTORELEASING = YES;
				CLANG_WARN_BOOL_CONVERSION = YES;
				CLANG_WARN_COMMA = YES;
				CLANG_WARN_CONSTANT_CONVERSION = YES;
				CLANG_WARN_DEPRECATED_OBJC_IMPLEMENTATIONS = YES;
				CLANG_WARN_DIRECT_OBJC_ISA_USAGE = YES_ERROR;
				CLANG_WARN_DOCUMENTATION_COMMENTS = YES;
				CLANG_WARN_EMPTY_BODY = YES;
				CLANG_WARN_ENUM_CONVERSION = YES;
				CLANG_WARN_INFINITE_RECURSION = YES;
				CLANG_WARN_INT_CONVERSION = YES;
				CLANG_WARN_NON_LITERAL_NULL_CONVERSION = YES;
				CLANG_WARN_OBJC_IMPLICIT_RETAIN_SELF = YES;
				CLANG_WARN_OBJC_LITERAL_CONVERSION = YES;
				CLANG_WARN_OBJC_ROOT_CLASS = YES_ERROR;
				CLANG_WARN_QUOTED_INCLUDE_IN_FRAMEWORK_HEADER = YES;
				CLANG_WARN_RANGE_LOOP_ANALYSIS = YES;
				CLANG_WARN_STRICT_PROTOTYPES = YES;
				CLANG_WARN_SUSPICIOUS_MOVE = YES;
				CLANG_WARN_UNGUARDED_AVAILABILITY = YES_AGGRESSIVE;
				CLANG_WARN_UNREACHABLE_CODE = YES;
				CLANG_WARN__DUPLICATE_METHOD_MATCH = YES;
				COPY_PHASE_STRIP = NO;
				DEBUG_INFORMATION_FORMAT = "dwarf-with-dsym";
				ENABLE_NS_ASSERTIONS = NO;
				ENABLE_STRICT_OBJC_MSGSEND = YES;
				ENABLE_USER_SCRIPT_SANDBOXING = YES;
				GCC_C_LANGUAGE_STANDARD = gnu17;
				GCC_NO_COMMON_BLOCKS = YES;
				GCC_WARN_64_TO_32_BIT_CONVERSION = YES;
				GCC_WARN_ABOUT_RETURN_TYPE = YES_ERROR;
				GCC_WARN_UNDECLARED_SELECTOR = YES;
				GCC_WARN_UNINITIALIZED_AUTOS = YES_AGGRESSIVE;
				GCC_WARN_UNUSED_FUNCTION = YES;
				GCC_WARN_UNUSED_VARIABLE = YES;
				LOCALIZATION_PREFERS_STRING_CATALOGS = YES;
				MTL_ENABLE_DEBUG_INFO = NO;
				MTL_FAST_MATH = YES;
				SDKROOT = xros;
				SWIFT_COMPILATION_MODE = wholemodule;
				VALIDATE_PRODUCT = YES;
				XROS_DEPLOYMENT_TARGET = 1.0;
			};
			name = Release;
		};
		20A336362B815C23003E1732 /* Debug */ = {
			isa = XCBuildConfiguration;
			buildSettings = {
				ASSETCATALOG_COMPILER_APPICON_NAME = AppIcon;
				ASSETCATALOG_COMPILER_GLOBAL_ACCENT_COLOR_NAME = AccentColor;
				CODE_SIGN_STYLE = Automatic;
				CURRENT_PROJECT_VERSION = 1;
				DEVELOPMENT_ASSET_PATHS = "\"Polls/Preview Content\"";
				DEVELOPMENT_TEAM = 82TVN2X2TP;
				ENABLE_PREVIEWS = YES;
				GENERATE_INFOPLIST_FILE = YES;
				INFOPLIST_FILE = "$(TARGET_NAME)/Info.plist";
				INFOPLIST_KEY_CFBundleDisplayName = Polls;
				INFOPLIST_KEY_LSApplicationCategoryType = "public.app-category.utilities";
				LD_RUNPATH_SEARCH_PATHS = (
					"$(inherited)",
					"@executable_path/Frameworks",
				);
				MARKETING_VERSION = 1.0;
				PRODUCT_BUNDLE_IDENTIFIER = daanmoura.dev.Polls;
				PRODUCT_NAME = "$(TARGET_NAME)";
				SUPPORTED_PLATFORMS = "xros xrsimulator";
				SWIFT_EMIT_LOC_STRINGS = YES;
				SWIFT_VERSION = 5.0;
				TARGETED_DEVICE_FAMILY = "1,2,7";
			};
			name = Debug;
		};
		20A336372B815C23003E1732 /* Release */ = {
			isa = XCBuildConfiguration;
			buildSettings = {
				ASSETCATALOG_COMPILER_APPICON_NAME = AppIcon;
				ASSETCATALOG_COMPILER_GLOBAL_ACCENT_COLOR_NAME = AccentColor;
				CODE_SIGN_STYLE = Automatic;
				CURRENT_PROJECT_VERSION = 1;
				DEVELOPMENT_ASSET_PATHS = "\"Polls/Preview Content\"";
				DEVELOPMENT_TEAM = 82TVN2X2TP;
				ENABLE_PREVIEWS = YES;
				GENERATE_INFOPLIST_FILE = YES;
				INFOPLIST_FILE = "$(TARGET_NAME)/Info.plist";
				INFOPLIST_KEY_CFBundleDisplayName = Polls;
				INFOPLIST_KEY_LSApplicationCategoryType = "public.app-category.utilities";
				LD_RUNPATH_SEARCH_PATHS = (
					"$(inherited)",
					"@executable_path/Frameworks",
				);
				MARKETING_VERSION = 1.0;
				PRODUCT_BUNDLE_IDENTIFIER = daanmoura.dev.Polls;
				PRODUCT_NAME = "$(TARGET_NAME)";
				SUPPORTED_PLATFORMS = "xros xrsimulator";
				SWIFT_EMIT_LOC_STRINGS = YES;
				SWIFT_VERSION = 5.0;
				TARGETED_DEVICE_FAMILY = "1,2,7";
			};
			name = Release;
		};
/* End XCBuildConfiguration section */

/* Begin XCConfigurationList section */
		20A3361B2B815C21003E1732 /* Build configuration list for PBXProject "Polls" */ = {
			isa = XCConfigurationList;
			buildConfigurations = (
				20A336332B815C23003E1732 /* Debug */,
				20A336342B815C23003E1732 /* Release */,
			);
			defaultConfigurationIsVisible = 0;
			defaultConfigurationName = Release;
		};
		20A336352B815C23003E1732 /* Build configuration list for PBXNativeTarget "Polls" */ = {
			isa = XCConfigurationList;
			buildConfigurations = (
				20A336362B815C23003E1732 /* Debug */,
				20A336372B815C23003E1732 /* Release */,
			);
			defaultConfigurationIsVisible = 0;
			defaultConfigurationName = Release;
		};
/* End XCConfigurationList section */

/* Begin XCSwiftPackageProductDependency section */
		20A336252B815C21003E1732 /* RealityKitContent */ = {
			isa = XCSwiftPackageProductDependency;
			productName = RealityKitContent;
		};
/* End XCSwiftPackageProductDependency section */
	};
	rootObject = 20A336182B815C21003E1732 /* Project object */;
}
